
Microsoft Visual Studio Solution File, Format Version 12.00
# Visual Studio Version 17
VisualStudioVersion = 17.4.33205.214
MinimumVisualStudioVersion = 10.0.40219.1
Project("{FAE04EC0-301F-11D3-BF4B-00C04F79EFBC}") = "Exercices", "Exercices\Exercices.csproj", "{DA729C7F-D170-4406-928C-869507903901}"
EndProject
Project("{FAE04EC0-301F-11D3-BF4B-00C04F79EFBC}") = "Labyrinthe", "Labyrinthe\Labyrinthe.csproj", "{0DB213F4-F3F4-4449-A6B0-09A2296EB2FA}"
EndProject
Project("{FAE04EC0-301F-11D3-BF4B-00C04F79EFBC}") = "Percolation", "Percolation\Percolation.csproj", "{8A365A19-46A9-41CB-9251-B10D7EBA7453}"
EndProject
Project("{FAE04EC0-301F-11D3-BF4B-00C04F79EFBC}") = "ProjetArgent", "ProjetArgent\ProjetArgent.csproj", "{C65756F4-6B9E-4E88-8A47-97B5E81569B0}"
EndProject
Global
	GlobalSection(SolutionConfigurationPlatforms) = preSolution
		Debug|Any CPU = Debug|Any CPU
		Release|Any CPU = Release|Any CPU
	EndGlobalSection
	GlobalSection(ProjectConfigurationPlatforms) = postSolution
		{DA729C7F-D170-4406-928C-869507903901}.Debug|Any CPU.ActiveCfg = Debug|Any CPU
		{DA729C7F-D170-4406-928C-869507903901}.Debug|Any CPU.Build.0 = Debug|Any CPU
		{DA729C7F-D170-4406-928C-869507903901}.Release|Any CPU.ActiveCfg = Release|Any CPU
		{DA729C7F-D170-4406-928C-869507903901}.Release|Any CPU.Build.0 = Release|Any CPU
		{0DB213F4-F3F4-4449-A6B0-09A2296EB2FA}.Debug|Any CPU.ActiveCfg = Debug|Any CPU
		{0DB213F4-F3F4-4449-A6B0-09A2296EB2FA}.Debug|Any CPU.Build.0 = Debug|Any CPU
		{0DB213F4-F3F4-4449-A6B0-09A2296EB2FA}.Release|Any CPU.ActiveCfg = Release|Any CPU
		{0DB213F4-F3F4-4449-A6B0-09A2296EB2FA}.Release|Any CPU.Build.0 = Release|Any CPU
		{8A365A19-46A9-41CB-9251-B10D7EBA7453}.Debug|Any CPU.ActiveCfg = Debug|Any CPU
		{8A365A19-46A9-41CB-9251-B10D7EBA7453}.Debug|Any CPU.Build.0 = Debug|Any CPU
		{8A365A19-46A9-41CB-9251-B10D7EBA7453}.Release|Any CPU.ActiveCfg = Release|Any CPU
		{8A365A19-46A9-41CB-9251-B10D7EBA7453}.Release|Any CPU.Build.0 = Release|Any CPU
		{C65756F4-6B9E-4E88-8A47-97B5E81569B0}.Debug|Any CPU.ActiveCfg = Debug|Any CPU
		{C65756F4-6B9E-4E88-8A47-97B5E81569B0}.Debug|Any CPU.Build.0 = Debug|Any CPU
		{C65756F4-6B9E-4E88-8A47-97B5E81569B0}.Release|Any CPU.ActiveCfg = Release|Any CPU
		{C65756F4-6B9E-4E88-8A47-97B5E81569B0}.Release|Any CPU.Build.0 = Release|Any CPU
	EndGlobalSection
	GlobalSection(SolutionProperties) = preSolution
		HideSolutionNode = FALSE
	EndGlobalSection
	GlobalSection(ExtensibilityGlobals) = postSolution
		SolutionGuid = {6F232649-33DD-4E5E-886C-15D0705DF814}
	EndGlobalSection
EndGlobal
